
Microsoft Visual Studio Solution File, Format Version 12.00
Project("{FAE04EC0-301F-11D3-BF4B-00C04F79EFBC}") = "LSM.SsoService.Web", "API\LSM.SsoService.Web\LSM.SsoService.Web.csproj", "{490B4F41-E259-4F87-A964-F35AE5E89982}"
EndProject
Project("{2150E333-8FDC-42A3-9474-1A3956D46DE8}") = "API", "API", "{074CFBFC-B610-4CEC-ACB1-F5785EC38460}"
EndProject
Project("{2150E333-8FDC-42A3-9474-1A3956D46DE8}") = "Application", "Application", "{5235C43E-EDF0-478A-98D0-882732EE261A}"
EndProject
Project("{FAE04EC0-301F-11D3-BF4B-00C04F79EFBC}") = "LSM.SsoService.Application.Common", "Application\LSM.SsoService.Application.Common\LSM.SsoService.Application.Common.csproj", "{6E977994-CE9B-4874-B166-E10B42FFD2AB}"
EndProject
Project("{FAE04EC0-301F-11D3-BF4B-00C04F79EFBC}") = "LSM.SsoService.Application.Command", "Application\LSM.SsoService.Application.Command\LSM.SsoService.Application.Command.csproj", "{2134B2AD-5FE5-43CF-8427-0898F331906A}"
EndProject
Project("{2150E333-8FDC-42A3-9474-1A3956D46DE8}") = "Domain", "Domain", "{41A58973-CBAE-4717-9072-BDE065D5BA63}"
EndProject
Project("{FAE04EC0-301F-11D3-BF4B-00C04F79EFBC}") = "LSM.SsoService.Domain", "Domain/LSM.SsoService.Domain/LSM.SsoService.Domain/LSM.SsoService.Domain.csproj", "{3794EC08-44AA-4A50-A6E3-939E743D1253}"
EndProject
Project("{2150E333-8FDC-42A3-9474-1A3956D46DE8}") = "Infrastructure", "Infrastructure", "{97C9C4DE-1122-45C1-A65C-B83058A241E3}"
EndProject
Project("{FAE04EC0-301F-11D3-BF4B-00C04F79EFBC}") = "LSM.SsoService.Infrastructure.Persistence", "Infrastructure\LSM.SsoService.Infrastructure.Persistence\LSM.SsoService.Infrastructure.Persistence.csproj", "{CB4D1679-5571-4186-8F26-DDF4BE6156E4}"
EndProject
Global
	GlobalSection(SolutionConfigurationPlatforms) = preSolution
		Debug|Any CPU = Debug|Any CPU
		Release|Any CPU = Release|Any CPU
	EndGlobalSection
	GlobalSection(ProjectConfigurationPlatforms) = postSolution
		{490B4F41-E259-4F87-A964-F35AE5E89982}.Debug|Any CPU.ActiveCfg = Debug|Any CPU
		{490B4F41-E259-4F87-A964-F35AE5E89982}.Debug|Any CPU.Build.0 = Debug|Any CPU
		{490B4F41-E259-4F87-A964-F35AE5E89982}.Release|Any CPU.ActiveCfg = Release|Any CPU
		{490B4F41-E259-4F87-A964-F35AE5E89982}.Release|Any CPU.Build.0 = Release|Any CPU
		{6E977994-CE9B-4874-B166-E10B42FFD2AB}.Debug|Any CPU.ActiveCfg = Debug|Any CPU
		{6E977994-CE9B-4874-B166-E10B42FFD2AB}.Debug|Any CPU.Build.0 = Debug|Any CPU
		{6E977994-CE9B-4874-B166-E10B42FFD2AB}.Release|Any CPU.ActiveCfg = Release|Any CPU
		{6E977994-CE9B-4874-B166-E10B42FFD2AB}.Release|Any CPU.Build.0 = Release|Any CPU
		{2134B2AD-5FE5-43CF-8427-0898F331906A}.Debug|Any CPU.ActiveCfg = Debug|Any CPU
		{2134B2AD-5FE5-43CF-8427-0898F331906A}.Debug|Any CPU.Build.0 = Debug|Any CPU
		{2134B2AD-5FE5-43CF-8427-0898F331906A}.Release|Any CPU.ActiveCfg = Release|Any CPU
		{2134B2AD-5FE5-43CF-8427-0898F331906A}.Release|Any CPU.Build.0 = Release|Any CPU
		{3794EC08-44AA-4A50-A6E3-939E743D1253}.Debug|Any CPU.ActiveCfg = Debug|Any CPU
		{3794EC08-44AA-4A50-A6E3-939E743D1253}.Debug|Any CPU.Build.0 = Debug|Any CPU
		{3794EC08-44AA-4A50-A6E3-939E743D1253}.Release|Any CPU.ActiveCfg = Release|Any CPU
		{3794EC08-44AA-4A50-A6E3-939E743D1253}.Release|Any CPU.Build.0 = Release|Any CPU
		{CB4D1679-5571-4186-8F26-DDF4BE6156E4}.Debug|Any CPU.ActiveCfg = Debug|Any CPU
		{CB4D1679-5571-4186-8F26-DDF4BE6156E4}.Debug|Any CPU.Build.0 = Debug|Any CPU
		{CB4D1679-5571-4186-8F26-DDF4BE6156E4}.Release|Any CPU.ActiveCfg = Release|Any CPU
		{CB4D1679-5571-4186-8F26-DDF4BE6156E4}.Release|Any CPU.Build.0 = Release|Any CPU
	EndGlobalSection
	GlobalSection(NestedProjects) = preSolution
		{490B4F41-E259-4F87-A964-F35AE5E89982} = {074CFBFC-B610-4CEC-ACB1-F5785EC38460}
		{6E977994-CE9B-4874-B166-E10B42FFD2AB} = {5235C43E-EDF0-478A-98D0-882732EE261A}
		{2134B2AD-5FE5-43CF-8427-0898F331906A} = {5235C43E-EDF0-478A-98D0-882732EE261A}
		{3794EC08-44AA-4A50-A6E3-939E743D1253} = {41A58973-CBAE-4717-9072-BDE065D5BA63}
		{CB4D1679-5571-4186-8F26-DDF4BE6156E4} = {97C9C4DE-1122-45C1-A65C-B83058A241E3}
	EndGlobalSection
EndGlobal
